
Microsoft Visual Studio Solution File, Format Version 12.00
# Visual Studio Version 17
VisualStudioVersion = 17.5.33414.496
MinimumVisualStudioVersion = 10.0.40219.1
Project("{FAE04EC0-301F-11D3-BF4B-00C04F79EFBC}") = "lab1", "lab1\lab1.csproj", "{8FDA6C46-BC80-4D18-ABD1-8095E1B8A02F}"
EndProject
Global
	GlobalSection(SolutionConfigurationPlatforms) = preSolution
		Debug|Any CPU = Debug|Any CPU
		Release|Any CPU = Release|Any CPU
	EndGlobalSection
	GlobalSection(ProjectConfigurationPlatforms) = postSolution
		{8FDA6C46-BC80-4D18-ABD1-8095E1B8A02F}.Debug|Any CPU.ActiveCfg = Debug|Any CPU
		{8FDA6C46-BC80-4D18-ABD1-8095E1B8A02F}.Debug|Any CPU.Build.0 = Debug|Any CPU
		{8FDA6C46-BC80-4D18-ABD1-8095E1B8A02F}.Release|Any CPU.ActiveCfg = Release|Any CPU
		{8FDA6C46-BC80-4D18-ABD1-8095E1B8A02F}.Release|Any CPU.Build.0 = Release|Any CPU
	EndGlobalSection
	GlobalSection(SolutionProperties) = preSolution
		HideSolutionNode = FALSE
	EndGlobalSection
	GlobalSection(ExtensibilityGlobals) = postSolution
		SolutionGuid = {C978DB3A-578F-49EC-B04A-0DD23CFCA927}
	EndGlobalSection
EndGlobal
